# This file is automatically @generated by Cargo.
# It is not intended for manual editing.
[[package]]
name = "acpi_client"
version = "0.2.0"
source = "registry+https://github.com/rust-lang/crates.io-index"

[[package]]
name = "acpitool"
version = "0.1.0"
dependencies = [
 "acpi_client 0.2.0 (registry+https://github.com/rust-lang/crates.io-index)",
]

[metadata]
"checksum acpi_client 0.2.0 (registry+https://github.com/rust-lang/crates.io-index)" = "9245d38523a987cbbbada8358f2180b0ed644de27328194c426fae83c060e3c1"
